
Microsoft Visual Studio Solution File, Format Version 12.00
# Visual Studio 15
VisualStudioVersion = 15.0.28307.1758
MinimumVisualStudioVersion = 10.0.40219.1
Project("{E24C65DC-7377-472B-9ABA-BC803B73C61A}") = "WebForm2", "WebForm2\", "{FCB74EA9-ED3A-41CB-82BA-DE36EEF30620}"
	ProjectSection(WebsiteProperties) = preProject
		TargetFrameworkMoniker = ".NETFramework,Version%3Dv4.6.1"
		Debug.AspNetCompiler.VirtualPath = "/localhost_53196"
		Debug.AspNetCompiler.PhysicalPath = "WebForm2\"
		Debug.AspNetCompiler.TargetPath = "PrecompiledWeb\localhost_53196\"
		Debug.AspNetCompiler.Updateable = "true"
		Debug.AspNetCompiler.ForceOverwrite = "true"
		Debug.AspNetCompiler.FixedNames = "false"
		Debug.AspNetCompiler.Debug = "True"
		Release.AspNetCompiler.VirtualPath = "/localhost_53196"
		Release.AspNetCompiler.PhysicalPath = "WebForm2\"
		Release.AspNetCompiler.TargetPath = "PrecompiledWeb\localhost_53196\"
		Release.AspNetCompiler.Updateable = "true"
		Release.AspNetCompiler.ForceOverwrite = "true"
		Release.AspNetCompiler.FixedNames = "false"
		Release.AspNetCompiler.Debug = "False"
		VWDPort = "53196"
		SlnRelativePath = "WebForm2\"
		DefaultWebSiteLanguage = "Visual C#"
	EndProjectSection
EndProject
Global
	GlobalSection(SolutionConfigurationPlatforms) = preSolution
		Debug|Any CPU = Debug|Any CPU
	EndGlobalSection
	GlobalSection(ProjectConfigurationPlatforms) = postSolution
		{FCB74EA9-ED3A-41CB-82BA-DE36EEF30620}.Debug|Any CPU.ActiveCfg = Debug|Any CPU
		{FCB74EA9-ED3A-41CB-82BA-DE36EEF30620}.Debug|Any CPU.Build.0 = Debug|Any CPU
	EndGlobalSection
	GlobalSection(SolutionProperties) = preSolution
		HideSolutionNode = FALSE
	EndGlobalSection
	GlobalSection(ExtensibilityGlobals) = postSolution
		SolutionGuid = {5980A2DF-D371-4EFA-B30A-A2255A0F8A97}
	EndGlobalSection
EndGlobal
