
Microsoft Visual Studio Solution File, Format Version 12.00
# Visual Studio 15
VisualStudioVersion = 15.0.28307.1758
MinimumVisualStudioVersion = 10.0.40219.1
Project("{E24C65DC-7377-472B-9ABA-BC803B73C61A}") = "Dowhile1", "Dowhile1\", "{6FEFF3C8-436D-4C8F-B52B-176D1E0988AE}"
	ProjectSection(WebsiteProperties) = preProject
		TargetFrameworkMoniker = ".NETFramework,Version%3Dv4.6.1"
		Debug.AspNetCompiler.VirtualPath = "/localhost_52725"
		Debug.AspNetCompiler.PhysicalPath = "Dowhile1\"
		Debug.AspNetCompiler.TargetPath = "PrecompiledWeb\localhost_52725\"
		Debug.AspNetCompiler.Updateable = "true"
		Debug.AspNetCompiler.ForceOverwrite = "true"
		Debug.AspNetCompiler.FixedNames = "false"
		Debug.AspNetCompiler.Debug = "True"
		Release.AspNetCompiler.VirtualPath = "/localhost_52725"
		Release.AspNetCompiler.PhysicalPath = "Dowhile1\"
		Release.AspNetCompiler.TargetPath = "PrecompiledWeb\localhost_52725\"
		Release.AspNetCompiler.Updateable = "true"
		Release.AspNetCompiler.ForceOverwrite = "true"
		Release.AspNetCompiler.FixedNames = "false"
		Release.AspNetCompiler.Debug = "False"
		VWDPort = "52725"
		SlnRelativePath = "Dowhile1\"
		DefaultWebSiteLanguage = "Visual C#"
	EndProjectSection
EndProject
Global
	GlobalSection(SolutionConfigurationPlatforms) = preSolution
		Debug|Any CPU = Debug|Any CPU
	EndGlobalSection
	GlobalSection(ProjectConfigurationPlatforms) = postSolution
		{6FEFF3C8-436D-4C8F-B52B-176D1E0988AE}.Debug|Any CPU.ActiveCfg = Debug|Any CPU
		{6FEFF3C8-436D-4C8F-B52B-176D1E0988AE}.Debug|Any CPU.Build.0 = Debug|Any CPU
	EndGlobalSection
	GlobalSection(SolutionProperties) = preSolution
		HideSolutionNode = FALSE
	EndGlobalSection
	GlobalSection(ExtensibilityGlobals) = postSolution
		SolutionGuid = {37E3054B-A695-4E30-80B8-A03C3C1AD9FF}
	EndGlobalSection
EndGlobal
