
Microsoft Visual Studio Solution File, Format Version 12.00
# Visual Studio 15
VisualStudioVersion = 15.0.28307.1758
MinimumVisualStudioVersion = 10.0.40219.1
Project("{FAE04EC0-301F-11D3-BF4B-00C04F79EFBC}") = "Raining", "Raining\Raining.csproj", "{7FEEE489-9099-4B64-B73B-CB69B0CAAEC3}"
EndProject
Global
	GlobalSection(SolutionConfigurationPlatforms) = preSolution
		Debug|Any CPU = Debug|Any CPU
		Release|Any CPU = Release|Any CPU
	EndGlobalSection
	GlobalSection(ProjectConfigurationPlatforms) = postSolution
		{7FEEE489-9099-4B64-B73B-CB69B0CAAEC3}.Debug|Any CPU.ActiveCfg = Debug|Any CPU
		{7FEEE489-9099-4B64-B73B-CB69B0CAAEC3}.Debug|Any CPU.Build.0 = Debug|Any CPU
		{7FEEE489-9099-4B64-B73B-CB69B0CAAEC3}.Release|Any CPU.ActiveCfg = Release|Any CPU
		{7FEEE489-9099-4B64-B73B-CB69B0CAAEC3}.Release|Any CPU.Build.0 = Release|Any CPU
	EndGlobalSection
	GlobalSection(SolutionProperties) = preSolution
		HideSolutionNode = FALSE
	EndGlobalSection
	GlobalSection(ExtensibilityGlobals) = postSolution
		SolutionGuid = {370EFEAE-E7E3-4A07-9608-AA578F63B14B}
	EndGlobalSection
EndGlobal
