
Microsoft Visual Studio Solution File, Format Version 12.00
# Visual Studio 15
VisualStudioVersion = 15.0.28307.1758
MinimumVisualStudioVersion = 10.0.40219.1
Project("{E24C65DC-7377-472B-9ABA-BC803B73C61A}") = "EventCtrl1", "EventCtrl1\", "{5C23E3D8-70E7-4026-83ED-8DFEACEDDA02}"
	ProjectSection(WebsiteProperties) = preProject
		TargetFrameworkMoniker = ".NETFramework,Version%3Dv4.6.1"
		Debug.AspNetCompiler.VirtualPath = "/localhost_58577"
		Debug.AspNetCompiler.PhysicalPath = "EventCtrl1\"
		Debug.AspNetCompiler.TargetPath = "PrecompiledWeb\localhost_58577\"
		Debug.AspNetCompiler.Updateable = "true"
		Debug.AspNetCompiler.ForceOverwrite = "true"
		Debug.AspNetCompiler.FixedNames = "false"
		Debug.AspNetCompiler.Debug = "True"
		Release.AspNetCompiler.VirtualPath = "/localhost_58577"
		Release.AspNetCompiler.PhysicalPath = "EventCtrl1\"
		Release.AspNetCompiler.TargetPath = "PrecompiledWeb\localhost_58577\"
		Release.AspNetCompiler.Updateable = "true"
		Release.AspNetCompiler.ForceOverwrite = "true"
		Release.AspNetCompiler.FixedNames = "false"
		Release.AspNetCompiler.Debug = "False"
		VWDPort = "58577"
		SlnRelativePath = "EventCtrl1\"
		DefaultWebSiteLanguage = "Visual C#"
	EndProjectSection
EndProject
Global
	GlobalSection(SolutionConfigurationPlatforms) = preSolution
		Debug|Any CPU = Debug|Any CPU
	EndGlobalSection
	GlobalSection(ProjectConfigurationPlatforms) = postSolution
		{5C23E3D8-70E7-4026-83ED-8DFEACEDDA02}.Debug|Any CPU.ActiveCfg = Debug|Any CPU
		{5C23E3D8-70E7-4026-83ED-8DFEACEDDA02}.Debug|Any CPU.Build.0 = Debug|Any CPU
	EndGlobalSection
	GlobalSection(SolutionProperties) = preSolution
		HideSolutionNode = FALSE
	EndGlobalSection
	GlobalSection(ExtensibilityGlobals) = postSolution
		SolutionGuid = {14FF6F21-B555-4CED-BA41-722355DDD821}
	EndGlobalSection
EndGlobal
