
Microsoft Visual Studio Solution File, Format Version 12.00
# Visual Studio 15
VisualStudioVersion = 15.0.28307.1758
MinimumVisualStudioVersion = 10.0.40219.1
Project("{E24C65DC-7377-472B-9ABA-BC803B73C61A}") = "WebForm", "WebForm\", "{DD00563D-124E-4A2F-9487-5B34E457DFBE}"
	ProjectSection(WebsiteProperties) = preProject
		TargetFrameworkMoniker = ".NETFramework,Version%3Dv4.6.1"
		Debug.AspNetCompiler.VirtualPath = "/localhost_55738"
		Debug.AspNetCompiler.PhysicalPath = "WebForm\"
		Debug.AspNetCompiler.TargetPath = "PrecompiledWeb\localhost_55738\"
		Debug.AspNetCompiler.Updateable = "true"
		Debug.AspNetCompiler.ForceOverwrite = "true"
		Debug.AspNetCompiler.FixedNames = "false"
		Debug.AspNetCompiler.Debug = "True"
		Release.AspNetCompiler.VirtualPath = "/localhost_55738"
		Release.AspNetCompiler.PhysicalPath = "WebForm\"
		Release.AspNetCompiler.TargetPath = "PrecompiledWeb\localhost_55738\"
		Release.AspNetCompiler.Updateable = "true"
		Release.AspNetCompiler.ForceOverwrite = "true"
		Release.AspNetCompiler.FixedNames = "false"
		Release.AspNetCompiler.Debug = "False"
		VWDPort = "55738"
		SlnRelativePath = "WebForm\"
		DefaultWebSiteLanguage = "Visual C#"
	EndProjectSection
EndProject
Global
	GlobalSection(SolutionConfigurationPlatforms) = preSolution
		Debug|Any CPU = Debug|Any CPU
	EndGlobalSection
	GlobalSection(ProjectConfigurationPlatforms) = postSolution
		{DD00563D-124E-4A2F-9487-5B34E457DFBE}.Debug|Any CPU.ActiveCfg = Debug|Any CPU
		{DD00563D-124E-4A2F-9487-5B34E457DFBE}.Debug|Any CPU.Build.0 = Debug|Any CPU
	EndGlobalSection
	GlobalSection(SolutionProperties) = preSolution
		HideSolutionNode = FALSE
	EndGlobalSection
	GlobalSection(ExtensibilityGlobals) = postSolution
		SolutionGuid = {A3346A90-F203-4A68-A953-9C1C73872C41}
	EndGlobalSection
EndGlobal
