
Microsoft Visual Studio Solution File, Format Version 12.00
# Visual Studio 15
VisualStudioVersion = 15.0.28307.1778
MinimumVisualStudioVersion = 10.0.40219.1
Project("{FAE04EC0-301F-11D3-BF4B-00C04F79EFBC}") = "Exercise3", "Exercise3\Exercise3.csproj", "{5B0B3AE3-D385-43AE-B605-DF41908A810F}"
EndProject
Global
	GlobalSection(SolutionConfigurationPlatforms) = preSolution
		Debug|Any CPU = Debug|Any CPU
		Release|Any CPU = Release|Any CPU
	EndGlobalSection
	GlobalSection(ProjectConfigurationPlatforms) = postSolution
		{5B0B3AE3-D385-43AE-B605-DF41908A810F}.Debug|Any CPU.ActiveCfg = Debug|Any CPU
		{5B0B3AE3-D385-43AE-B605-DF41908A810F}.Debug|Any CPU.Build.0 = Debug|Any CPU
		{5B0B3AE3-D385-43AE-B605-DF41908A810F}.Release|Any CPU.ActiveCfg = Release|Any CPU
		{5B0B3AE3-D385-43AE-B605-DF41908A810F}.Release|Any CPU.Build.0 = Release|Any CPU
	EndGlobalSection
	GlobalSection(SolutionProperties) = preSolution
		HideSolutionNode = FALSE
	EndGlobalSection
	GlobalSection(ExtensibilityGlobals) = postSolution
		SolutionGuid = {E6E84F60-9C35-47BD-9D1D-04B6BF905B44}
	EndGlobalSection
EndGlobal
